{
  "name": "my-project",
  "version": "1.0.0",
  "lockfileVersion": 1,
  "requires": true,
  "dependencies": {
    "simple-git-hooks": {
      "version": "2.11.1",
      "resolved": "https://registry.npmmirror.com/simple-git-hooks/-/simple-git-hooks-2.11.1.tgz",
      "integrity": "sha512-tgqwPUMDcNDhuf1Xf6KTUsyeqGdgKMhzaH4PAZZuzguOgTl5uuyeYe/8mWgAr6IBxB5V06uqEf6Dy37gIWDtDg=="
    }
  }
}
